
Microsoft Visual Studio Solution File, Format Version 12.00
# Visual Studio Version 17
VisualStudioVersion = 17.0.32014.148
MinimumVisualStudioVersion = 10.0.40219.1
Project("{FAE04EC0-301F-11D3-BF4B-00C04F79EFBC}") = "WikiFormsApp", "WikiFormsApp.csproj", "{99F2C141-AE8B-4521-BAAF-5F0D8C587042}"
EndProject
Global
	GlobalSection(SolutionConfigurationPlatforms) = preSolution
		Debug|Any CPU = Debug|Any CPU
		Release|Any CPU = Release|Any CPU
	EndGlobalSection
	GlobalSection(ProjectConfigurationPlatforms) = postSolution
		{99F2C141-AE8B-4521-BAAF-5F0D8C587042}.Debug|Any CPU.ActiveCfg = Debug|Any CPU
		{99F2C141-AE8B-4521-BAAF-5F0D8C587042}.Debug|Any CPU.Build.0 = Debug|Any CPU
		{99F2C141-AE8B-4521-BAAF-5F0D8C587042}.Release|Any CPU.ActiveCfg = Release|Any CPU
		{99F2C141-AE8B-4521-BAAF-5F0D8C587042}.Release|Any CPU.Build.0 = Release|Any CPU
	EndGlobalSection
	GlobalSection(SolutionProperties) = preSolution
		HideSolutionNode = FALSE
	EndGlobalSection
	GlobalSection(ExtensibilityGlobals) = postSolution
		SolutionGuid = {4E0533A9-98AB-451F-A59E-E9B1E65FD3B5}
	EndGlobalSection
EndGlobal
